
Microsoft Visual Studio Solution File, Format Version 12.00
# Visual Studio Version 16
VisualStudioVersion = 16.0.29215.179
MinimumVisualStudioVersion = 10.0.40219.1
Project("{FAE04EC0-301F-11D3-BF4B-00C04F79EFBC}") = "programcine", "programcine\programcine.csproj", "{0D59751B-1656-4182-BFDC-BDF40BAC2620}"
EndProject
Global
	GlobalSection(SolutionConfigurationPlatforms) = preSolution
		Debug|Any CPU = Debug|Any CPU
		Release|Any CPU = Release|Any CPU
	EndGlobalSection
	GlobalSection(ProjectConfigurationPlatforms) = postSolution
		{0D59751B-1656-4182-BFDC-BDF40BAC2620}.Debug|Any CPU.ActiveCfg = Debug|Any CPU
		{0D59751B-1656-4182-BFDC-BDF40BAC2620}.Debug|Any CPU.Build.0 = Debug|Any CPU
		{0D59751B-1656-4182-BFDC-BDF40BAC2620}.Release|Any CPU.ActiveCfg = Release|Any CPU
		{0D59751B-1656-4182-BFDC-BDF40BAC2620}.Release|Any CPU.Build.0 = Release|Any CPU
	EndGlobalSection
	GlobalSection(SolutionProperties) = preSolution
		HideSolutionNode = FALSE
	EndGlobalSection
	GlobalSection(ExtensibilityGlobals) = postSolution
		SolutionGuid = {0015A62E-0859-4A63-899C-758EDD6EACB8}
	EndGlobalSection
EndGlobal
